
Microsoft Visual Studio Solution File, Format Version 12.00
# Visual Studio Version 17
VisualStudioVersion = 17.0.31919.166
MinimumVisualStudioVersion = 10.0.40219.1
Project("{9A19103F-16F7-4668-BE54-9A1E7A4F7556}") = "HouseManagementApp", "HouseManagementApp\HouseManagementApp.csproj", "{B2C05F02-A735-4E9B-A9C4-988EECCDA7DC}"
EndProject
Project("{9A19103F-16F7-4668-BE54-9A1E7A4F7556}") = "HouseManagementApp.Infrastructure", "HouseManagementApp.Infrastructure\HouseManagementApp.Infrastructure.csproj", "{70BA0BF1-DD13-4013-97B2-D71778EBD593}"
EndProject
Project("{9A19103F-16F7-4668-BE54-9A1E7A4F7556}") = "HouseManagementApp.Core", "HouseManagementApp.Core\HouseManagementApp.Core.csproj", "{6FCF4B1F-950E-4C8D-9F55-788078813E9B}"
EndProject
Project("{9A19103F-16F7-4668-BE54-9A1E7A4F7556}") = "HouseManagementApp.React", "HouseManagementApp.React\HouseManagementApp.React.csproj", "{74D6F49D-FF5F-436E-9B87-43D98A75BF7F}"
EndProject
Project("{FAE04EC0-301F-11D3-BF4B-00C04F79EFBC}") = "HouseManagementApp.API", "HouseManagementApp.API\HouseManagementApp.API.csproj", "{64344737-8CDE-468D-B1C9-DF1C79D2CBBD}"
EndProject
Global
	GlobalSection(SolutionConfigurationPlatforms) = preSolution
		Debug|Any CPU = Debug|Any CPU
		Release|Any CPU = Release|Any CPU
	EndGlobalSection
	GlobalSection(ProjectConfigurationPlatforms) = postSolution
		{B2C05F02-A735-4E9B-A9C4-988EECCDA7DC}.Debug|Any CPU.ActiveCfg = Debug|Any CPU
		{B2C05F02-A735-4E9B-A9C4-988EECCDA7DC}.Debug|Any CPU.Build.0 = Debug|Any CPU
		{B2C05F02-A735-4E9B-A9C4-988EECCDA7DC}.Release|Any CPU.ActiveCfg = Release|Any CPU
		{B2C05F02-A735-4E9B-A9C4-988EECCDA7DC}.Release|Any CPU.Build.0 = Release|Any CPU
		{70BA0BF1-DD13-4013-97B2-D71778EBD593}.Debug|Any CPU.ActiveCfg = Debug|Any CPU
		{70BA0BF1-DD13-4013-97B2-D71778EBD593}.Debug|Any CPU.Build.0 = Debug|Any CPU
		{70BA0BF1-DD13-4013-97B2-D71778EBD593}.Release|Any CPU.ActiveCfg = Release|Any CPU
		{70BA0BF1-DD13-4013-97B2-D71778EBD593}.Release|Any CPU.Build.0 = Release|Any CPU
		{6FCF4B1F-950E-4C8D-9F55-788078813E9B}.Debug|Any CPU.ActiveCfg = Debug|Any CPU
		{6FCF4B1F-950E-4C8D-9F55-788078813E9B}.Debug|Any CPU.Build.0 = Debug|Any CPU
		{6FCF4B1F-950E-4C8D-9F55-788078813E9B}.Release|Any CPU.ActiveCfg = Release|Any CPU
		{6FCF4B1F-950E-4C8D-9F55-788078813E9B}.Release|Any CPU.Build.0 = Release|Any CPU
		{74D6F49D-FF5F-436E-9B87-43D98A75BF7F}.Debug|Any CPU.ActiveCfg = Debug|Any CPU
		{74D6F49D-FF5F-436E-9B87-43D98A75BF7F}.Debug|Any CPU.Build.0 = Debug|Any CPU
		{74D6F49D-FF5F-436E-9B87-43D98A75BF7F}.Release|Any CPU.ActiveCfg = Release|Any CPU
		{74D6F49D-FF5F-436E-9B87-43D98A75BF7F}.Release|Any CPU.Build.0 = Release|Any CPU
		{64344737-8CDE-468D-B1C9-DF1C79D2CBBD}.Debug|Any CPU.ActiveCfg = Debug|Any CPU
		{64344737-8CDE-468D-B1C9-DF1C79D2CBBD}.Debug|Any CPU.Build.0 = Debug|Any CPU
		{64344737-8CDE-468D-B1C9-DF1C79D2CBBD}.Release|Any CPU.ActiveCfg = Release|Any CPU
		{64344737-8CDE-468D-B1C9-DF1C79D2CBBD}.Release|Any CPU.Build.0 = Release|Any CPU
	EndGlobalSection
	GlobalSection(SolutionProperties) = preSolution
		HideSolutionNode = FALSE
	EndGlobalSection
	GlobalSection(ExtensibilityGlobals) = postSolution
		SolutionGuid = {E3B7DB53-1F03-4C1D-A646-A2D4C2269FE8}
	EndGlobalSection
EndGlobal
