
Microsoft Visual Studio Solution File, Format Version 12.00
Project("{FAE04EC0-301F-11D3-BF4B-00C04F79EFBC}") = "HouseManagementApp", "HouseManagementApp\HouseManagementApp.csproj", "{B2C05F02-A735-4E9B-A9C4-988EECCDA7DC}"
EndProject
Project("{FAE04EC0-301F-11D3-BF4B-00C04F79EFBC}") = "HouseManagementApp.Infrastructure", "HouseManagementApp.Infrastructure\HouseManagementApp.Infrastructure.csproj", "{70BA0BF1-DD13-4013-97B2-D71778EBD593}"
EndProject
Project("{FAE04EC0-301F-11D3-BF4B-00C04F79EFBC}") = "HouseManagementApp.Core", "HouseManagementApp.Core\HouseManagementApp.Core.csproj", "{6FCF4B1F-950E-4C8D-9F55-788078813E9B}"
EndProject
Global
	GlobalSection(SolutionConfigurationPlatforms) = preSolution
		Debug|Any CPU = Debug|Any CPU
		Release|Any CPU = Release|Any CPU
	EndGlobalSection
	GlobalSection(ProjectConfigurationPlatforms) = postSolution
		{B2C05F02-A735-4E9B-A9C4-988EECCDA7DC}.Debug|Any CPU.ActiveCfg = Debug|Any CPU
		{B2C05F02-A735-4E9B-A9C4-988EECCDA7DC}.Debug|Any CPU.Build.0 = Debug|Any CPU
		{B2C05F02-A735-4E9B-A9C4-988EECCDA7DC}.Release|Any CPU.ActiveCfg = Release|Any CPU
		{B2C05F02-A735-4E9B-A9C4-988EECCDA7DC}.Release|Any CPU.Build.0 = Release|Any CPU
		{70BA0BF1-DD13-4013-97B2-D71778EBD593}.Debug|Any CPU.ActiveCfg = Debug|Any CPU
		{70BA0BF1-DD13-4013-97B2-D71778EBD593}.Debug|Any CPU.Build.0 = Debug|Any CPU
		{70BA0BF1-DD13-4013-97B2-D71778EBD593}.Release|Any CPU.ActiveCfg = Release|Any CPU
		{70BA0BF1-DD13-4013-97B2-D71778EBD593}.Release|Any CPU.Build.0 = Release|Any CPU
		{6FCF4B1F-950E-4C8D-9F55-788078813E9B}.Debug|Any CPU.ActiveCfg = Debug|Any CPU
		{6FCF4B1F-950E-4C8D-9F55-788078813E9B}.Debug|Any CPU.Build.0 = Debug|Any CPU
		{6FCF4B1F-950E-4C8D-9F55-788078813E9B}.Release|Any CPU.ActiveCfg = Release|Any CPU
		{6FCF4B1F-950E-4C8D-9F55-788078813E9B}.Release|Any CPU.Build.0 = Release|Any CPU
	EndGlobalSection
EndGlobal
